
Microsoft Visual Studio Solution File, Format Version 12.00
# Visual Studio Version 17
VisualStudioVersion = 17.6.33712.159
MinimumVisualStudioVersion = 10.0.40219.1
Project("{2150E333-8FDC-42A3-9474-1A3956D46DE8}") = "src", "src", "{FF29C500-F44D-45CD-A9EE-A8969EF239E2}"
EndProject
Project("{9A19103F-16F7-4668-BE54-9A1E7A4F7556}") = "Domain", "src\Domain\Domain.csproj", "{0FF1BDDB-C3DB-4263-8CF0-A3B0D0B651F4}"
EndProject
Project("{9A19103F-16F7-4668-BE54-9A1E7A4F7556}") = "Api", "src\Api\Api.csproj", "{4570F6A9-7C0E-41A9-B610-3DEB10A31074}"
EndProject
Project("{9A19103F-16F7-4668-BE54-9A1E7A4F7556}") = "Infrastructure", "src\Infrastructure\Infrastructure.csproj", "{EA51901A-2445-4ED8-B218-8EC35EE90DBE}"
EndProject
Project("{9A19103F-16F7-4668-BE54-9A1E7A4F7556}") = "Application", "src\Application\Application.csproj", "{648EDC76-89C6-425A-8716-D7EE59CD1D14}"
EndProject
Project("{2150E333-8FDC-42A3-9474-1A3956D46DE8}") = "tests", "tests", "{641D7D70-3514-4AC0-B19E-8EBF50DF4277}"
EndProject
Project("{FAE04EC0-301F-11D3-BF4B-00C04F79EFBC}") = "Test.Domain", "tests\Test.Domain\Test.Domain.csproj", "{B48CD860-4601-4A15-B995-0BE3FB8B978E}"
EndProject
Global
	GlobalSection(SolutionConfigurationPlatforms) = preSolution
		Debug|Any CPU = Debug|Any CPU
		Release|Any CPU = Release|Any CPU
	EndGlobalSection
	GlobalSection(ProjectConfigurationPlatforms) = postSolution
		{0FF1BDDB-C3DB-4263-8CF0-A3B0D0B651F4}.Debug|Any CPU.ActiveCfg = Debug|Any CPU
		{0FF1BDDB-C3DB-4263-8CF0-A3B0D0B651F4}.Debug|Any CPU.Build.0 = Debug|Any CPU
		{0FF1BDDB-C3DB-4263-8CF0-A3B0D0B651F4}.Release|Any CPU.ActiveCfg = Release|Any CPU
		{0FF1BDDB-C3DB-4263-8CF0-A3B0D0B651F4}.Release|Any CPU.Build.0 = Release|Any CPU
		{4570F6A9-7C0E-41A9-B610-3DEB10A31074}.Debug|Any CPU.ActiveCfg = Debug|Any CPU
		{4570F6A9-7C0E-41A9-B610-3DEB10A31074}.Debug|Any CPU.Build.0 = Debug|Any CPU
		{4570F6A9-7C0E-41A9-B610-3DEB10A31074}.Release|Any CPU.ActiveCfg = Release|Any CPU
		{4570F6A9-7C0E-41A9-B610-3DEB10A31074}.Release|Any CPU.Build.0 = Release|Any CPU
		{EA51901A-2445-4ED8-B218-8EC35EE90DBE}.Debug|Any CPU.ActiveCfg = Debug|Any CPU
		{EA51901A-2445-4ED8-B218-8EC35EE90DBE}.Debug|Any CPU.Build.0 = Debug|Any CPU
		{EA51901A-2445-4ED8-B218-8EC35EE90DBE}.Release|Any CPU.ActiveCfg = Release|Any CPU
		{EA51901A-2445-4ED8-B218-8EC35EE90DBE}.Release|Any CPU.Build.0 = Release|Any CPU
		{648EDC76-89C6-425A-8716-D7EE59CD1D14}.Debug|Any CPU.ActiveCfg = Debug|Any CPU
		{648EDC76-89C6-425A-8716-D7EE59CD1D14}.Debug|Any CPU.Build.0 = Debug|Any CPU
		{648EDC76-89C6-425A-8716-D7EE59CD1D14}.Release|Any CPU.ActiveCfg = Release|Any CPU
		{648EDC76-89C6-425A-8716-D7EE59CD1D14}.Release|Any CPU.Build.0 = Release|Any CPU
		{B48CD860-4601-4A15-B995-0BE3FB8B978E}.Debug|Any CPU.ActiveCfg = Debug|Any CPU
		{B48CD860-4601-4A15-B995-0BE3FB8B978E}.Debug|Any CPU.Build.0 = Debug|Any CPU
		{B48CD860-4601-4A15-B995-0BE3FB8B978E}.Release|Any CPU.ActiveCfg = Release|Any CPU
		{B48CD860-4601-4A15-B995-0BE3FB8B978E}.Release|Any CPU.Build.0 = Release|Any CPU
	EndGlobalSection
	GlobalSection(SolutionProperties) = preSolution
		HideSolutionNode = FALSE
	EndGlobalSection
	GlobalSection(NestedProjects) = preSolution
		{0FF1BDDB-C3DB-4263-8CF0-A3B0D0B651F4} = {FF29C500-F44D-45CD-A9EE-A8969EF239E2}
		{4570F6A9-7C0E-41A9-B610-3DEB10A31074} = {FF29C500-F44D-45CD-A9EE-A8969EF239E2}
		{EA51901A-2445-4ED8-B218-8EC35EE90DBE} = {FF29C500-F44D-45CD-A9EE-A8969EF239E2}
		{648EDC76-89C6-425A-8716-D7EE59CD1D14} = {FF29C500-F44D-45CD-A9EE-A8969EF239E2}
		{B48CD860-4601-4A15-B995-0BE3FB8B978E} = {641D7D70-3514-4AC0-B19E-8EBF50DF4277}
	EndGlobalSection
	GlobalSection(ExtensibilityGlobals) = postSolution
		SolutionGuid = {3A93D59D-631C-4E44-A51C-C907DA87E419}
	EndGlobalSection
EndGlobal
